
Microsoft Visual Studio Solution File, Format Version 12.00
# Visual Studio Version 17
VisualStudioVersion = 17.2.32526.322
MinimumVisualStudioVersion = 10.0.40219.1
Project("{FAE04EC0-301F-11D3-BF4B-00C04F79EFBC}") = "MinAPI", "MinAPI\MinAPI.csproj", "{82768A26-89AE-406E-AC95-D1E25DAE8219}"
EndProject
Global
	GlobalSection(SolutionConfigurationPlatforms) = preSolution
		Debug|Any CPU = Debug|Any CPU
		Release|Any CPU = Release|Any CPU
	EndGlobalSection
	GlobalSection(ProjectConfigurationPlatforms) = postSolution
		{82768A26-89AE-406E-AC95-D1E25DAE8219}.Debug|Any CPU.ActiveCfg = Debug|Any CPU
		{82768A26-89AE-406E-AC95-D1E25DAE8219}.Debug|Any CPU.Build.0 = Debug|Any CPU
		{82768A26-89AE-406E-AC95-D1E25DAE8219}.Release|Any CPU.ActiveCfg = Release|Any CPU
		{82768A26-89AE-406E-AC95-D1E25DAE8219}.Release|Any CPU.Build.0 = Release|Any CPU
	EndGlobalSection
	GlobalSection(SolutionProperties) = preSolution
		HideSolutionNode = FALSE
	EndGlobalSection
	GlobalSection(ExtensibilityGlobals) = postSolution
		SolutionGuid = {1932A518-E19C-41A2-B03F-03E369C9A3E9}
	EndGlobalSection
EndGlobal
